
Microsoft Visual Studio Solution File, Format Version 12.00
# Visual Studio 15
VisualStudioVersion = 15.0.26430.14
MinimumVisualStudioVersion = 10.0.40219.1
Project("{FAE04EC0-301F-11D3-BF4B-00C04F79EFBC}") = "MedInFHIR.Android", "MedInFHIR\MedInFHIR.Android\MedInFHIR.Android.csproj", "{FAE158E5-E0C2-425E-931D-D618A1E40396}"
EndProject
Project("{FAE04EC0-301F-11D3-BF4B-00C04F79EFBC}") = "MedInFHIR", "MedInFHIR\MedInFHIR\MedInFHIR.csproj", "{A8B78021-A450-4556-A13B-ABA644B0B635}"
EndProject
Project("{FAE04EC0-301F-11D3-BF4B-00C04F79EFBC}") = "MedInFHIR.UWP", "MedInFHIR\MedInFHIR.UWP\MedInFHIR.UWP.csproj", "{3A7A7537-4D24-4449-B75D-423A31D847CF}"
EndProject
Project("{FAE04EC0-301F-11D3-BF4B-00C04F79EFBC}") = "MedInFHIR.iOS", "MedInFHIR\MedInFHIR.iOS\MedInFHIR.iOS.csproj", "{DB03316B-5FB5-4A2A-9C03-0A9AD9DA3D5B}"
EndProject
Global
	GlobalSection(SolutionConfigurationPlatforms) = preSolution
		Ad-Hoc|Any CPU = Ad-Hoc|Any CPU
		Ad-Hoc|ARM = Ad-Hoc|ARM
		Ad-Hoc|iPhone = Ad-Hoc|iPhone
		Ad-Hoc|iPhoneSimulator = Ad-Hoc|iPhoneSimulator
		Ad-Hoc|x64 = Ad-Hoc|x64
		Ad-Hoc|x86 = Ad-Hoc|x86
		AppStore|Any CPU = AppStore|Any CPU
		AppStore|ARM = AppStore|ARM
		AppStore|iPhone = AppStore|iPhone
		AppStore|iPhoneSimulator = AppStore|iPhoneSimulator
		AppStore|x64 = AppStore|x64
		AppStore|x86 = AppStore|x86
		Debug|Any CPU = Debug|Any CPU
		Debug|ARM = Debug|ARM
		Debug|iPhone = Debug|iPhone
		Debug|iPhoneSimulator = Debug|iPhoneSimulator
		Debug|x64 = Debug|x64
		Debug|x86 = Debug|x86
		Release|Any CPU = Release|Any CPU
		Release|ARM = Release|ARM
		Release|iPhone = Release|iPhone
		Release|iPhoneSimulator = Release|iPhoneSimulator
		Release|x64 = Release|x64
		Release|x86 = Release|x86
	EndGlobalSection
	GlobalSection(ProjectConfigurationPlatforms) = postSolution
		{FAE158E5-E0C2-425E-931D-D618A1E40396}.Ad-Hoc|Any CPU.ActiveCfg = Release|Any CPU
		{FAE158E5-E0C2-425E-931D-D618A1E40396}.Ad-Hoc|Any CPU.Build.0 = Release|Any CPU
		{FAE158E5-E0C2-425E-931D-D618A1E40396}.Ad-Hoc|Any CPU.Deploy.0 = Release|Any CPU
		{FAE158E5-E0C2-425E-931D-D618A1E40396}.Ad-Hoc|ARM.ActiveCfg = Release|Any CPU
		{FAE158E5-E0C2-425E-931D-D618A1E40396}.Ad-Hoc|ARM.Build.0 = Release|Any CPU
		{FAE158E5-E0C2-425E-931D-D618A1E40396}.Ad-Hoc|ARM.Deploy.0 = Release|Any CPU
		{FAE158E5-E0C2-425E-931D-D618A1E40396}.Ad-Hoc|iPhone.ActiveCfg = Release|Any CPU
		{FAE158E5-E0C2-425E-931D-D618A1E40396}.Ad-Hoc|iPhone.Build.0 = Release|Any CPU
		{FAE158E5-E0C2-425E-931D-D618A1E40396}.Ad-Hoc|iPhone.Deploy.0 = Release|Any CPU
		{FAE158E5-E0C2-425E-931D-D618A1E40396}.Ad-Hoc|iPhoneSimulator.ActiveCfg = Release|Any CPU
		{FAE158E5-E0C2-425E-931D-D618A1E40396}.Ad-Hoc|iPhoneSimulator.Build.0 = Release|Any CPU
		{FAE158E5-E0C2-425E-931D-D618A1E40396}.Ad-Hoc|iPhoneSimulator.Deploy.0 = Release|Any CPU
		{FAE158E5-E0C2-425E-931D-D618A1E40396}.Ad-Hoc|x64.ActiveCfg = Release|Any CPU
		{FAE158E5-E0C2-425E-931D-D618A1E40396}.Ad-Hoc|x64.Build.0 = Release|Any CPU
		{FAE158E5-E0C2-425E-931D-D618A1E40396}.Ad-Hoc|x64.Deploy.0 = Release|Any CPU
		{FAE158E5-E0C2-425E-931D-D618A1E40396}.Ad-Hoc|x86.ActiveCfg = Release|Any CPU
		{FAE158E5-E0C2-425E-931D-D618A1E40396}.Ad-Hoc|x86.Build.0 = Release|Any CPU
		{FAE158E5-E0C2-425E-931D-D618A1E40396}.Ad-Hoc|x86.Deploy.0 = Release|Any CPU
		{FAE158E5-E0C2-425E-931D-D618A1E40396}.AppStore|Any CPU.ActiveCfg = Release|Any CPU
		{FAE158E5-E0C2-425E-931D-D618A1E40396}.AppStore|Any CPU.Build.0 = Release|Any CPU
		{FAE158E5-E0C2-425E-931D-D618A1E40396}.AppStore|Any CPU.Deploy.0 = Release|Any CPU
		{FAE158E5-E0C2-425E-931D-D618A1E40396}.AppStore|ARM.ActiveCfg = Release|Any CPU
		{FAE158E5-E0C2-425E-931D-D618A1E40396}.AppStore|ARM.Build.0 = Release|Any CPU
		{FAE158E5-E0C2-425E-931D-D618A1E40396}.AppStore|ARM.Deploy.0 = Release|Any CPU
		{FAE158E5-E0C2-425E-931D-D618A1E40396}.AppStore|iPhone.ActiveCfg = Release|Any CPU
		{FAE158E5-E0C2-425E-931D-D618A1E40396}.AppStore|iPhone.Build.0 = Release|Any CPU
		{FAE158E5-E0C2-425E-931D-D618A1E40396}.AppStore|iPhone.Deploy.0 = Release|Any CPU
		{FAE158E5-E0C2-425E-931D-D618A1E40396}.AppStore|iPhoneSimulator.ActiveCfg = Release|Any CPU
		{FAE158E5-E0C2-425E-931D-D618A1E40396}.AppStore|iPhoneSimulator.Build.0 = Release|Any CPU
		{FAE158E5-E0C2-425E-931D-D618A1E40396}.AppStore|iPhoneSimulator.Deploy.0 = Release|Any CPU
		{FAE158E5-E0C2-425E-931D-D618A1E40396}.AppStore|x64.ActiveCfg = Release|Any CPU
		{FAE158E5-E0C2-425E-931D-D618A1E40396}.AppStore|x64.Build.0 = Release|Any CPU
		{FAE158E5-E0C2-425E-931D-D618A1E40396}.AppStore|x64.Deploy.0 = Release|Any CPU
		{FAE158E5-E0C2-425E-931D-D618A1E40396}.AppStore|x86.ActiveCfg = Release|Any CPU
		{FAE158E5-E0C2-425E-931D-D618A1E40396}.AppStore|x86.Build.0 = Release|Any CPU
		{FAE158E5-E0C2-425E-931D-D618A1E40396}.AppStore|x86.Deploy.0 = Release|Any CPU
		{FAE158E5-E0C2-425E-931D-D618A1E40396}.Debug|Any CPU.ActiveCfg = Debug|Any CPU
		{FAE158E5-E0C2-425E-931D-D618A1E40396}.Debug|Any CPU.Build.0 = Debug|Any CPU
		{FAE158E5-E0C2-425E-931D-D618A1E40396}.Debug|Any CPU.Deploy.0 = Debug|Any CPU
		{FAE158E5-E0C2-425E-931D-D618A1E40396}.Debug|ARM.ActiveCfg = Debug|Any CPU
		{FAE158E5-E0C2-425E-931D-D618A1E40396}.Debug|ARM.Build.0 = Debug|Any CPU
		{FAE158E5-E0C2-425E-931D-D618A1E40396}.Debug|ARM.Deploy.0 = Debug|Any CPU
		{FAE158E5-E0C2-425E-931D-D618A1E40396}.Debug|iPhone.ActiveCfg = Debug|Any CPU
		{FAE158E5-E0C2-425E-931D-D618A1E40396}.Debug|iPhone.Build.0 = Debug|Any CPU
		{FAE158E5-E0C2-425E-931D-D618A1E40396}.Debug|iPhone.Deploy.0 = Debug|Any CPU
		{FAE158E5-E0C2-425E-931D-D618A1E40396}.Debug|iPhoneSimulator.ActiveCfg = Debug|Any CPU
		{FAE158E5-E0C2-425E-931D-D618A1E40396}.Debug|iPhoneSimulator.Build.0 = Debug|Any CPU
		{FAE158E5-E0C2-425E-931D-D618A1E40396}.Debug|iPhoneSimulator.Deploy.0 = Debug|Any CPU
		{FAE158E5-E0C2-425E-931D-D618A1E40396}.Debug|x64.ActiveCfg = Debug|Any CPU
		{FAE158E5-E0C2-425E-931D-D618A1E40396}.Debug|x64.Build.0 = Debug|Any CPU
		{FAE158E5-E0C2-425E-931D-D618A1E40396}.Debug|x64.Deploy.0 = Debug|Any CPU
		{FAE158E5-E0C2-425E-931D-D618A1E40396}.Debug|x86.ActiveCfg = Debug|Any CPU
		{FAE158E5-E0C2-425E-931D-D618A1E40396}.Debug|x86.Build.0 = Debug|Any CPU
		{FAE158E5-E0C2-425E-931D-D618A1E40396}.Debug|x86.Deploy.0 = Debug|Any CPU
		{FAE158E5-E0C2-425E-931D-D618A1E40396}.Release|Any CPU.ActiveCfg = Release|Any CPU
		{FAE158E5-E0C2-425E-931D-D618A1E40396}.Release|Any CPU.Build.0 = Release|Any CPU
		{FAE158E5-E0C2-425E-931D-D618A1E40396}.Release|Any CPU.Deploy.0 = Release|Any CPU
		{FAE158E5-E0C2-425E-931D-D618A1E40396}.Release|ARM.ActiveCfg = Release|Any CPU
		{FAE158E5-E0C2-425E-931D-D618A1E40396}.Release|ARM.Build.0 = Release|Any CPU
		{FAE158E5-E0C2-425E-931D-D618A1E40396}.Release|ARM.Deploy.0 = Release|Any CPU
		{FAE158E5-E0C2-425E-931D-D618A1E40396}.Release|iPhone.ActiveCfg = Release|Any CPU
		{FAE158E5-E0C2-425E-931D-D618A1E40396}.Release|iPhone.Build.0 = Release|Any CPU
		{FAE158E5-E0C2-425E-931D-D618A1E40396}.Release|iPhone.Deploy.0 = Release|Any CPU
		{FAE158E5-E0C2-425E-931D-D618A1E40396}.Release|iPhoneSimulator.ActiveCfg = Release|Any CPU
		{FAE158E5-E0C2-425E-931D-D618A1E40396}.Release|iPhoneSimulator.Build.0 = Release|Any CPU
		{FAE158E5-E0C2-425E-931D-D618A1E40396}.Release|iPhoneSimulator.Deploy.0 = Release|Any CPU
		{FAE158E5-E0C2-425E-931D-D618A1E40396}.Release|x64.ActiveCfg = Release|Any CPU
		{FAE158E5-E0C2-425E-931D-D618A1E40396}.Release|x64.Build.0 = Release|Any CPU
		{FAE158E5-E0C2-425E-931D-D618A1E40396}.Release|x64.Deploy.0 = Release|Any CPU
		{FAE158E5-E0C2-425E-931D-D618A1E40396}.Release|x86.ActiveCfg = Release|Any CPU
		{FAE158E5-E0C2-425E-931D-D618A1E40396}.Release|x86.Build.0 = Release|Any CPU
		{FAE158E5-E0C2-425E-931D-D618A1E40396}.Release|x86.Deploy.0 = Release|Any CPU
		{A8B78021-A450-4556-A13B-ABA644B0B635}.Ad-Hoc|Any CPU.ActiveCfg = Release|Any CPU
		{A8B78021-A450-4556-A13B-ABA644B0B635}.Ad-Hoc|Any CPU.Build.0 = Release|Any CPU
		{A8B78021-A450-4556-A13B-ABA644B0B635}.Ad-Hoc|ARM.ActiveCfg = Release|Any CPU
		{A8B78021-A450-4556-A13B-ABA644B0B635}.Ad-Hoc|ARM.Build.0 = Release|Any CPU
		{A8B78021-A450-4556-A13B-ABA644B0B635}.Ad-Hoc|iPhone.ActiveCfg = Release|Any CPU
		{A8B78021-A450-4556-A13B-ABA644B0B635}.Ad-Hoc|iPhone.Build.0 = Release|Any CPU
		{A8B78021-A450-4556-A13B-ABA644B0B635}.Ad-Hoc|iPhoneSimulator.ActiveCfg = Release|Any CPU
		{A8B78021-A450-4556-A13B-ABA644B0B635}.Ad-Hoc|iPhoneSimulator.Build.0 = Release|Any CPU
		{A8B78021-A450-4556-A13B-ABA644B0B635}.Ad-Hoc|x64.ActiveCfg = Release|Any CPU
		{A8B78021-A450-4556-A13B-ABA644B0B635}.Ad-Hoc|x64.Build.0 = Release|Any CPU
		{A8B78021-A450-4556-A13B-ABA644B0B635}.Ad-Hoc|x86.ActiveCfg = Release|Any CPU
		{A8B78021-A450-4556-A13B-ABA644B0B635}.Ad-Hoc|x86.Build.0 = Release|Any CPU
		{A8B78021-A450-4556-A13B-ABA644B0B635}.AppStore|Any CPU.ActiveCfg = Release|Any CPU
		{A8B78021-A450-4556-A13B-ABA644B0B635}.AppStore|Any CPU.Build.0 = Release|Any CPU
		{A8B78021-A450-4556-A13B-ABA644B0B635}.AppStore|ARM.ActiveCfg = Release|Any CPU
		{A8B78021-A450-4556-A13B-ABA644B0B635}.AppStore|ARM.Build.0 = Release|Any CPU
		{A8B78021-A450-4556-A13B-ABA644B0B635}.AppStore|iPhone.ActiveCfg = Release|Any CPU
		{A8B78021-A450-4556-A13B-ABA644B0B635}.AppStore|iPhone.Build.0 = Release|Any CPU
		{A8B78021-A450-4556-A13B-ABA644B0B635}.AppStore|iPhoneSimulator.ActiveCfg = Release|Any CPU
		{A8B78021-A450-4556-A13B-ABA644B0B635}.AppStore|iPhoneSimulator.Build.0 = Release|Any CPU
		{A8B78021-A450-4556-A13B-ABA644B0B635}.AppStore|x64.ActiveCfg = Release|Any CPU
		{A8B78021-A450-4556-A13B-ABA644B0B635}.AppStore|x64.Build.0 = Release|Any CPU
		{A8B78021-A450-4556-A13B-ABA644B0B635}.AppStore|x86.ActiveCfg = Release|Any CPU
		{A8B78021-A450-4556-A13B-ABA644B0B635}.AppStore|x86.Build.0 = Release|Any CPU
		{A8B78021-A450-4556-A13B-ABA644B0B635}.Debug|Any CPU.ActiveCfg = Debug|Any CPU
		{A8B78021-A450-4556-A13B-ABA644B0B635}.Debug|Any CPU.Build.0 = Debug|Any CPU
		{A8B78021-A450-4556-A13B-ABA644B0B635}.Debug|ARM.ActiveCfg = Debug|Any CPU
		{A8B78021-A450-4556-A13B-ABA644B0B635}.Debug|ARM.Build.0 = Debug|Any CPU
		{A8B78021-A450-4556-A13B-ABA644B0B635}.Debug|iPhone.ActiveCfg = Debug|Any CPU
		{A8B78021-A450-4556-A13B-ABA644B0B635}.Debug|iPhone.Build.0 = Debug|Any CPU
		{A8B78021-A450-4556-A13B-ABA644B0B635}.Debug|iPhoneSimulator.ActiveCfg = Debug|Any CPU
		{A8B78021-A450-4556-A13B-ABA644B0B635}.Debug|iPhoneSimulator.Build.0 = Debug|Any CPU
		{A8B78021-A450-4556-A13B-ABA644B0B635}.Debug|x64.ActiveCfg = Debug|Any CPU
		{A8B78021-A450-4556-A13B-ABA644B0B635}.Debug|x64.Build.0 = Debug|Any CPU
		{A8B78021-A450-4556-A13B-ABA644B0B635}.Debug|x86.ActiveCfg = Debug|Any CPU
		{A8B78021-A450-4556-A13B-ABA644B0B635}.Debug|x86.Build.0 = Debug|Any CPU
		{A8B78021-A450-4556-A13B-ABA644B0B635}.Release|Any CPU.ActiveCfg = Release|Any CPU
		{A8B78021-A450-4556-A13B-ABA644B0B635}.Release|Any CPU.Build.0 = Release|Any CPU
		{A8B78021-A450-4556-A13B-ABA644B0B635}.Release|ARM.ActiveCfg = Release|Any CPU
		{A8B78021-A450-4556-A13B-ABA644B0B635}.Release|ARM.Build.0 = Release|Any CPU
		{A8B78021-A450-4556-A13B-ABA644B0B635}.Release|iPhone.ActiveCfg = Release|Any CPU
		{A8B78021-A450-4556-A13B-ABA644B0B635}.Release|iPhone.Build.0 = Release|Any CPU
		{A8B78021-A450-4556-A13B-ABA644B0B635}.Release|iPhoneSimulator.ActiveCfg = Release|Any CPU
		{A8B78021-A450-4556-A13B-ABA644B0B635}.Release|iPhoneSimulator.Build.0 = Release|Any CPU
		{A8B78021-A450-4556-A13B-ABA644B0B635}.Release|x64.ActiveCfg = Release|Any CPU
		{A8B78021-A450-4556-A13B-ABA644B0B635}.Release|x64.Build.0 = Release|Any CPU
		{A8B78021-A450-4556-A13B-ABA644B0B635}.Release|x86.ActiveCfg = Release|Any CPU
		{A8B78021-A450-4556-A13B-ABA644B0B635}.Release|x86.Build.0 = Release|Any CPU
		{3A7A7537-4D24-4449-B75D-423A31D847CF}.Ad-Hoc|Any CPU.ActiveCfg = Release|x86
		{3A7A7537-4D24-4449-B75D-423A31D847CF}.Ad-Hoc|Any CPU.Build.0 = Release|x86
		{3A7A7537-4D24-4449-B75D-423A31D847CF}.Ad-Hoc|Any CPU.Deploy.0 = Release|x86
		{3A7A7537-4D24-4449-B75D-423A31D847CF}.Ad-Hoc|ARM.ActiveCfg = Release|ARM
		{3A7A7537-4D24-4449-B75D-423A31D847CF}.Ad-Hoc|ARM.Build.0 = Release|ARM
		{3A7A7537-4D24-4449-B75D-423A31D847CF}.Ad-Hoc|ARM.Deploy.0 = Release|ARM
		{3A7A7537-4D24-4449-B75D-423A31D847CF}.Ad-Hoc|iPhone.ActiveCfg = Release|x86
		{3A7A7537-4D24-4449-B75D-423A31D847CF}.Ad-Hoc|iPhone.Build.0 = Release|x86
		{3A7A7537-4D24-4449-B75D-423A31D847CF}.Ad-Hoc|iPhone.Deploy.0 = Release|x86
		{3A7A7537-4D24-4449-B75D-423A31D847CF}.Ad-Hoc|iPhoneSimulator.ActiveCfg = Release|x86
		{3A7A7537-4D24-4449-B75D-423A31D847CF}.Ad-Hoc|iPhoneSimulator.Build.0 = Release|x86
		{3A7A7537-4D24-4449-B75D-423A31D847CF}.Ad-Hoc|iPhoneSimulator.Deploy.0 = Release|x86
		{3A7A7537-4D24-4449-B75D-423A31D847CF}.Ad-Hoc|x64.ActiveCfg = Release|x64
		{3A7A7537-4D24-4449-B75D-423A31D847CF}.Ad-Hoc|x64.Build.0 = Release|x64
		{3A7A7537-4D24-4449-B75D-423A31D847CF}.Ad-Hoc|x64.Deploy.0 = Release|x64
		{3A7A7537-4D24-4449-B75D-423A31D847CF}.Ad-Hoc|x86.ActiveCfg = Release|x86
		{3A7A7537-4D24-4449-B75D-423A31D847CF}.Ad-Hoc|x86.Build.0 = Release|x86
		{3A7A7537-4D24-4449-B75D-423A31D847CF}.Ad-Hoc|x86.Deploy.0 = Release|x86
		{3A7A7537-4D24-4449-B75D-423A31D847CF}.AppStore|Any CPU.ActiveCfg = Release|x86
		{3A7A7537-4D24-4449-B75D-423A31D847CF}.AppStore|Any CPU.Build.0 = Release|x86
		{3A7A7537-4D24-4449-B75D-423A31D847CF}.AppStore|Any CPU.Deploy.0 = Release|x86
		{3A7A7537-4D24-4449-B75D-423A31D847CF}.AppStore|ARM.ActiveCfg = Release|ARM
		{3A7A7537-4D24-4449-B75D-423A31D847CF}.AppStore|ARM.Build.0 = Release|ARM
		{3A7A7537-4D24-4449-B75D-423A31D847CF}.AppStore|ARM.Deploy.0 = Release|ARM
		{3A7A7537-4D24-4449-B75D-423A31D847CF}.AppStore|iPhone.ActiveCfg = Release|x86
		{3A7A7537-4D24-4449-B75D-423A31D847CF}.AppStore|iPhone.Build.0 = Release|x86
		{3A7A7537-4D24-4449-B75D-423A31D847CF}.AppStore|iPhone.Deploy.0 = Release|x86
		{3A7A7537-4D24-4449-B75D-423A31D847CF}.AppStore|iPhoneSimulator.ActiveCfg = Release|x86
		{3A7A7537-4D24-4449-B75D-423A31D847CF}.AppStore|iPhoneSimulator.Build.0 = Release|x86
		{3A7A7537-4D24-4449-B75D-423A31D847CF}.AppStore|iPhoneSimulator.Deploy.0 = Release|x86
		{3A7A7537-4D24-4449-B75D-423A31D847CF}.AppStore|x64.ActiveCfg = Release|x64
		{3A7A7537-4D24-4449-B75D-423A31D847CF}.AppStore|x64.Build.0 = Release|x64
		{3A7A7537-4D24-4449-B75D-423A31D847CF}.AppStore|x64.Deploy.0 = Release|x64
		{3A7A7537-4D24-4449-B75D-423A31D847CF}.AppStore|x86.ActiveCfg = Release|x86
		{3A7A7537-4D24-4449-B75D-423A31D847CF}.AppStore|x86.Build.0 = Release|x86
		{3A7A7537-4D24-4449-B75D-423A31D847CF}.AppStore|x86.Deploy.0 = Release|x86
		{3A7A7537-4D24-4449-B75D-423A31D847CF}.Debug|Any CPU.ActiveCfg = Debug|x86
		{3A7A7537-4D24-4449-B75D-423A31D847CF}.Debug|ARM.ActiveCfg = Debug|ARM
		{3A7A7537-4D24-4449-B75D-423A31D847CF}.Debug|ARM.Build.0 = Debug|ARM
		{3A7A7537-4D24-4449-B75D-423A31D847CF}.Debug|ARM.Deploy.0 = Debug|ARM
		{3A7A7537-4D24-4449-B75D-423A31D847CF}.Debug|iPhone.ActiveCfg = Debug|x86
		{3A7A7537-4D24-4449-B75D-423A31D847CF}.Debug|iPhoneSimulator.ActiveCfg = Debug|x86
		{3A7A7537-4D24-4449-B75D-423A31D847CF}.Debug|x64.ActiveCfg = Debug|x64
		{3A7A7537-4D24-4449-B75D-423A31D847CF}.Debug|x64.Build.0 = Debug|x64
		{3A7A7537-4D24-4449-B75D-423A31D847CF}.Debug|x64.Deploy.0 = Debug|x64
		{3A7A7537-4D24-4449-B75D-423A31D847CF}.Debug|x86.ActiveCfg = Debug|x86
		{3A7A7537-4D24-4449-B75D-423A31D847CF}.Debug|x86.Build.0 = Debug|x86
		{3A7A7537-4D24-4449-B75D-423A31D847CF}.Debug|x86.Deploy.0 = Debug|x86
		{3A7A7537-4D24-4449-B75D-423A31D847CF}.Release|Any CPU.ActiveCfg = Release|x86
		{3A7A7537-4D24-4449-B75D-423A31D847CF}.Release|ARM.ActiveCfg = Release|ARM
		{3A7A7537-4D24-4449-B75D-423A31D847CF}.Release|ARM.Build.0 = Release|ARM
		{3A7A7537-4D24-4449-B75D-423A31D847CF}.Release|ARM.Deploy.0 = Release|ARM
		{3A7A7537-4D24-4449-B75D-423A31D847CF}.Release|iPhone.ActiveCfg = Release|x86
		{3A7A7537-4D24-4449-B75D-423A31D847CF}.Release|iPhoneSimulator.ActiveCfg = Release|x86
		{3A7A7537-4D24-4449-B75D-423A31D847CF}.Release|x64.ActiveCfg = Release|x64
		{3A7A7537-4D24-4449-B75D-423A31D847CF}.Release|x64.Build.0 = Release|x64
		{3A7A7537-4D24-4449-B75D-423A31D847CF}.Release|x64.Deploy.0 = Release|x64
		{3A7A7537-4D24-4449-B75D-423A31D847CF}.Release|x86.ActiveCfg = Release|x86
		{3A7A7537-4D24-4449-B75D-423A31D847CF}.Release|x86.Build.0 = Release|x86
		{3A7A7537-4D24-4449-B75D-423A31D847CF}.Release|x86.Deploy.0 = Release|x86
		{DB03316B-5FB5-4A2A-9C03-0A9AD9DA3D5B}.Ad-Hoc|Any CPU.ActiveCfg = Ad-Hoc|iPhone
		{DB03316B-5FB5-4A2A-9C03-0A9AD9DA3D5B}.Ad-Hoc|ARM.ActiveCfg = Ad-Hoc|iPhone
		{DB03316B-5FB5-4A2A-9C03-0A9AD9DA3D5B}.Ad-Hoc|iPhone.ActiveCfg = Ad-Hoc|iPhone
		{DB03316B-5FB5-4A2A-9C03-0A9AD9DA3D5B}.Ad-Hoc|iPhone.Build.0 = Ad-Hoc|iPhone
		{DB03316B-5FB5-4A2A-9C03-0A9AD9DA3D5B}.Ad-Hoc|iPhoneSimulator.ActiveCfg = Ad-Hoc|iPhoneSimulator
		{DB03316B-5FB5-4A2A-9C03-0A9AD9DA3D5B}.Ad-Hoc|iPhoneSimulator.Build.0 = Ad-Hoc|iPhoneSimulator
		{DB03316B-5FB5-4A2A-9C03-0A9AD9DA3D5B}.Ad-Hoc|x64.ActiveCfg = Ad-Hoc|iPhone
		{DB03316B-5FB5-4A2A-9C03-0A9AD9DA3D5B}.Ad-Hoc|x86.ActiveCfg = Ad-Hoc|iPhone
		{DB03316B-5FB5-4A2A-9C03-0A9AD9DA3D5B}.AppStore|Any CPU.ActiveCfg = AppStore|iPhone
		{DB03316B-5FB5-4A2A-9C03-0A9AD9DA3D5B}.AppStore|ARM.ActiveCfg = AppStore|iPhone
		{DB03316B-5FB5-4A2A-9C03-0A9AD9DA3D5B}.AppStore|iPhone.ActiveCfg = AppStore|iPhone
		{DB03316B-5FB5-4A2A-9C03-0A9AD9DA3D5B}.AppStore|iPhone.Build.0 = AppStore|iPhone
		{DB03316B-5FB5-4A2A-9C03-0A9AD9DA3D5B}.AppStore|iPhoneSimulator.ActiveCfg = AppStore|iPhoneSimulator
		{DB03316B-5FB5-4A2A-9C03-0A9AD9DA3D5B}.AppStore|iPhoneSimulator.Build.0 = AppStore|iPhoneSimulator
		{DB03316B-5FB5-4A2A-9C03-0A9AD9DA3D5B}.AppStore|x64.ActiveCfg = AppStore|iPhone
		{DB03316B-5FB5-4A2A-9C03-0A9AD9DA3D5B}.AppStore|x86.ActiveCfg = AppStore|iPhone
		{DB03316B-5FB5-4A2A-9C03-0A9AD9DA3D5B}.Debug|Any CPU.ActiveCfg = Debug|iPhone
		{DB03316B-5FB5-4A2A-9C03-0A9AD9DA3D5B}.Debug|ARM.ActiveCfg = Debug|iPhone
		{DB03316B-5FB5-4A2A-9C03-0A9AD9DA3D5B}.Debug|iPhone.ActiveCfg = Debug|iPhone
		{DB03316B-5FB5-4A2A-9C03-0A9AD9DA3D5B}.Debug|iPhone.Build.0 = Debug|iPhone
		{DB03316B-5FB5-4A2A-9C03-0A9AD9DA3D5B}.Debug|iPhoneSimulator.ActiveCfg = Debug|iPhoneSimulator
		{DB03316B-5FB5-4A2A-9C03-0A9AD9DA3D5B}.Debug|iPhoneSimulator.Build.0 = Debug|iPhoneSimulator
		{DB03316B-5FB5-4A2A-9C03-0A9AD9DA3D5B}.Debug|x64.ActiveCfg = Debug|iPhone
		{DB03316B-5FB5-4A2A-9C03-0A9AD9DA3D5B}.Debug|x86.ActiveCfg = Debug|iPhone
		{DB03316B-5FB5-4A2A-9C03-0A9AD9DA3D5B}.Release|Any CPU.ActiveCfg = Release|iPhone
		{DB03316B-5FB5-4A2A-9C03-0A9AD9DA3D5B}.Release|ARM.ActiveCfg = Release|iPhone
		{DB03316B-5FB5-4A2A-9C03-0A9AD9DA3D5B}.Release|iPhone.ActiveCfg = Release|iPhone
		{DB03316B-5FB5-4A2A-9C03-0A9AD9DA3D5B}.Release|iPhone.Build.0 = Release|iPhone
		{DB03316B-5FB5-4A2A-9C03-0A9AD9DA3D5B}.Release|iPhoneSimulator.ActiveCfg = Release|iPhoneSimulator
		{DB03316B-5FB5-4A2A-9C03-0A9AD9DA3D5B}.Release|iPhoneSimulator.Build.0 = Release|iPhoneSimulator
		{DB03316B-5FB5-4A2A-9C03-0A9AD9DA3D5B}.Release|x64.ActiveCfg = Release|iPhone
		{DB03316B-5FB5-4A2A-9C03-0A9AD9DA3D5B}.Release|x86.ActiveCfg = Release|iPhone
	EndGlobalSection
	GlobalSection(SolutionProperties) = preSolution
		HideSolutionNode = FALSE
	EndGlobalSection
EndGlobal
